
Microsoft Visual Studio Solution File, Format Version 12.00
# Visual Studio 15
VisualStudioVersion = 15.0.28307.902
MinimumVisualStudioVersion = 10.0.40219.1
Project("{FAE04EC0-301F-11D3-BF4B-00C04F79EFBC}") = "Project-Rup", "Project-Rup\Project-Rup.csproj", "{28D89D33-D0F7-4FE5-A09B-7B6787315EFB}"
EndProject
Global
	GlobalSection(SolutionConfigurationPlatforms) = preSolution
		Debug|Any CPU = Debug|Any CPU
		Release|Any CPU = Release|Any CPU
	EndGlobalSection
	GlobalSection(ProjectConfigurationPlatforms) = postSolution
		{28D89D33-D0F7-4FE5-A09B-7B6787315EFB}.Debug|Any CPU.ActiveCfg = Debug|Any CPU
		{28D89D33-D0F7-4FE5-A09B-7B6787315EFB}.Debug|Any CPU.Build.0 = Debug|Any CPU
		{28D89D33-D0F7-4FE5-A09B-7B6787315EFB}.Release|Any CPU.ActiveCfg = Release|Any CPU
		{28D89D33-D0F7-4FE5-A09B-7B6787315EFB}.Release|Any CPU.Build.0 = Release|Any CPU
	EndGlobalSection
	GlobalSection(SolutionProperties) = preSolution
		HideSolutionNode = FALSE
	EndGlobalSection
	GlobalSection(ExtensibilityGlobals) = postSolution
		SolutionGuid = {FD23EEC8-79DA-4FA3-9817-5D96523C2D3F}
	EndGlobalSection
EndGlobal
